{
  "version": 4,
  "terraform_version": "1.10.3",
  "serial": 138,
  "lineage": "7f5c2cc7-3579-ec5a-b971-08ec3d68b7b9",
  "outputs": {},
  "resources": [
    {
      "mode": "managed",
      "type": "aws_ecr_repository",
      "name": "repositorio_ecr",
      "provider": "provider[\"registry.terraform.io/hashicorp/aws\"]",
      "instances": [
        {
          "schema_version": 0,
          "attributes": {
            "arn": "arn:aws:ecr:us-east-1:250502052604:repository/repositorio-apache",
            "encryption_configuration": [
              {
                "encryption_type": "AES256",
                "kms_key": ""
              }
            ],
            "force_delete": null,
            "id": "repositorio-apache",
            "image_scanning_configuration": [
              {
                "scan_on_push": false
              }
            ],
            "image_tag_mutability": "MUTABLE",
            "name": "repositorio-apache",
            "registry_id": "250502052604",
            "repository_url": "250502052604.dkr.ecr.us-east-1.amazonaws.com/repositorio-apache",
            "tags": {
              "Environment": "Production",
              "Name": "repositorio"
            },
            "tags_all": {
              "Environment": "Production",
              "Name": "repositorio"
            },
            "timeouts": null
          },
          "sensitive_attributes": [],
          "private": "eyJlMmJmYjczMC1lY2FhLTExZTYtOGY4OC0zNDM2M2JjN2M0YzAiOnsiZGVsZXRlIjoxMjAwMDAwMDAwMDAwfX0="
        }
      ]
    }
  ],
  "check_results": null
}
