{
  "version": 4,
  "terraform_version": "1.10.3",
  "serial": 50,
  "lineage": "ce9c7a16-f588-3027-0ca6-a75acb7e7120",
  "outputs": {
    "ecr_nombre_repositorio": {
      "value": "repositorio-apache",
      "type": "string"
    },
    "ecr_repository_uri_url": {
      "value": "250502052604.dkr.ecr.us-east-1.amazonaws.com/repositorio-apache",
      "type": "string"
    },
    "s3": {
      "value": "cubo-s3-begona",
      "type": "string"
    }
  },
  "resources": [
    {
      "mode": "data",
      "type": "aws_caller_identity",
      "name": "current",
      "provider": "provider[\"registry.terraform.io/hashicorp/aws\"]",
      "instances": [
        {
          "schema_version": 0,
          "attributes": {
            "account_id": "250502052604",
            "arn": "arn:aws:sts::250502052604:assumed-role/voclabs/user3591451=Bego__a_Cabo",
            "id": "250502052604",
            "user_id": "AROATUUYV7L6GOKV27D6I:user3591451=Bego__a_Cabo"
          },
          "sensitive_attributes": []
        }
      ]
    },
    {
      "mode": "data",
      "type": "aws_iam_role",
      "name": "labrole",
      "provider": "provider[\"registry.terraform.io/hashicorp/aws\"]",
      "instances": [
        {
          "schema_version": 0,
          "attributes": {
            "arn": "arn:aws:iam::250502052604:role/LabRole",
            "assume_role_policy": "{\"Version\":\"2012-10-17\",\"Statement\":[{\"Effect\":\"Allow\",\"Principal\":{\"AWS\":\"arn:aws:iam::250502052604:role/LabRole\",\"Service\":[\"iotevents.amazonaws.com\",\"iot.amazonaws.com\",\"elasticloadbalancing.amazonaws.com\",\"elasticfilesystem.amazonaws.com\",\"credentials.iot.amazonaws.com\",\"rekognition.amazonaws.com\",\"logs.amazonaws.com\",\"glue.amazonaws.com\",\"codecommit.amazonaws.com\",\"ec2.amazonaws.com\",\"lambda.amazonaws.com\",\"cloudtrail.amazonaws.com\",\"rds.amazonaws.com\",\"events.amazonaws.com\",\"codewhisperer.amazonaws.com\",\"pipes.amazonaws.com\",\"backup.amazonaws.com\",\"servicecatalog.amazonaws.com\",\"elasticbeanstalk.amazonaws.com\",\"cloud9.amazonaws.com\",\"ecs-tasks.amazonaws.com\",\"batch.amazonaws.com\",\"autoscaling.amazonaws.com\",\"scheduler.amazonaws.com\",\"sagemaker.amazonaws.com\",\"elasticmapreduce.amazonaws.com\",\"states.amazonaws.com\",\"deepracer.amazonaws.com\",\"kms.amazonaws.com\",\"apigateway.amazonaws.com\",\"ec2.application-autoscaling.amazonaws.com\",\"resource-groups.amazonaws.com\",\"eks-fargate-pods.amazonaws.com\",\"cognito-idp.amazonaws.com\",\"forecast.amazonaws.com\",\"firehose.amazonaws.com\",\"athena.amazonaws.com\",\"sqs.amazonaws.com\",\"codedeploy.amazonaws.com\",\"secretsmanager.amazonaws.com\",\"databrew.amazonaws.com\",\"kinesisanalytics.amazonaws.com\",\"dynamodb.amazonaws.com\",\"eks.amazonaws.com\",\"ssm.amazonaws.com\",\"application-autoscaling.amazonaws.com\",\"ecs.amazonaws.com\",\"s3.amazonaws.com\",\"sns.amazonaws.com\",\"cloudformation.amazonaws.com\",\"iotanalytics.amazonaws.com\",\"kinesis.amazonaws.com\",\"redshift.amazonaws.com\"]},\"Action\":\"sts:AssumeRole\"}]}",
            "create_date": "2024-10-16T09:59:58Z",
            "description": "",
            "id": "LabRole",
            "max_session_duration": 3600,
            "name": "LabRole",
            "path": "/",
            "permissions_boundary": "",
            "role_last_used": [
              {
                "last_used_date": "2025-01-05T14:29:21Z",
                "region": "us-east-1"
              }
            ],
            "tags": {
              "cloudlab": "c132842a3365595l7979228t1w250502052604"
            },
            "unique_id": "AROATUUYV7L6DISKEVUPF"
          },
          "sensitive_attributes": []
        }
      ]
    },
    {
      "mode": "managed",
      "type": "aws_ecr_repository",
      "name": "repositorio_ecr",
      "provider": "provider[\"registry.terraform.io/hashicorp/aws\"]",
      "instances": [
        {
          "schema_version": 0,
          "attributes": {
            "arn": "arn:aws:ecr:us-east-1:250502052604:repository/repositorio-apache",
            "encryption_configuration": [
              {
                "encryption_type": "AES256",
                "kms_key": ""
              }
            ],
            "force_delete": null,
            "id": "repositorio-apache",
            "image_scanning_configuration": [
              {
                "scan_on_push": false
              }
            ],
            "image_tag_mutability": "MUTABLE",
            "name": "repositorio-apache",
            "registry_id": "250502052604",
            "repository_url": "250502052604.dkr.ecr.us-east-1.amazonaws.com/repositorio-apache",
            "tags": {
              "Environment": "Production",
              "Name": "repositorio"
            },
            "tags_all": {
              "Environment": "Production",
              "Name": "repositorio"
            },
            "timeouts": null
          },
          "sensitive_attributes": [],
          "private": "eyJlMmJmYjczMC1lY2FhLTExZTYtOGY4OC0zNDM2M2JjN2M0YzAiOnsiZGVsZXRlIjoxMjAwMDAwMDAwMDAwfX0="
        }
      ]
    },
    {
      "mode": "managed",
      "type": "aws_ecs_cluster",
      "name": "cluster",
      "provider": "provider[\"registry.terraform.io/hashicorp/aws\"]",
      "instances": [
        {
          "schema_version": 0,
          "attributes": {
            "arn": "arn:aws:ecs:us-east-1:250502052604:cluster/ejemplo-cluster",
            "configuration": [],
            "id": "arn:aws:ecs:us-east-1:250502052604:cluster/ejemplo-cluster",
            "name": "ejemplo-cluster",
            "service_connect_defaults": [],
            "setting": [
              {
                "name": "containerInsights",
                "value": "disabled"
              }
            ],
            "tags": null,
            "tags_all": {}
          },
          "sensitive_attributes": [],
          "private": "bnVsbA=="
        }
      ]
    },
    {
      "mode": "managed",
      "type": "aws_ecs_service",
      "name": "apache_service",
      "provider": "provider[\"registry.terraform.io/hashicorp/aws\"]",
      "instances": [
        {
          "schema_version": 1,
          "attributes": {
            "alarms": [],
            "availability_zone_rebalancing": "DISABLED",
            "capacity_provider_strategy": [],
            "cluster": "arn:aws:ecs:us-east-1:250502052604:cluster/ejemplo-cluster",
            "deployment_circuit_breaker": [
              {
                "enable": false,
                "rollback": false
              }
            ],
            "deployment_controller": [
              {
                "type": "ECS"
              }
            ],
            "deployment_maximum_percent": 200,
            "deployment_minimum_healthy_percent": 100,
            "desired_count": 1,
            "enable_ecs_managed_tags": false,
            "enable_execute_command": false,
            "force_delete": null,
            "force_new_deployment": null,
            "health_check_grace_period_seconds": 0,
            "iam_role": "/aws-service-role/ecs.amazonaws.com/AWSServiceRoleForECS",
            "id": "arn:aws:ecs:us-east-1:250502052604:service/ejemplo-cluster/apache-service",
            "launch_type": "FARGATE",
            "load_balancer": [],
            "name": "apache-service",
            "network_configuration": [
              {
                "assign_public_ip": false,
                "security_groups": [
                  "sg-0b44a2535a41087d0"
                ],
                "subnets": [
                  "subnet-03d1033e52a86f64e"
                ]
              }
            ],
            "ordered_placement_strategy": [],
            "placement_constraints": [],
            "platform_version": "LATEST",
            "propagate_tags": "NONE",
            "scheduling_strategy": "REPLICA",
            "service_connect_configuration": [],
            "service_registries": [],
            "tags": null,
            "tags_all": {},
            "task_definition": "arn:aws:ecs:us-east-1:250502052604:task-definition/apache-tarea:24",
            "timeouts": null,
            "triggers": {},
            "volume_configuration": [],
            "vpc_lattice_configurations": [],
            "wait_for_steady_state": false
          },
          "sensitive_attributes": [],
          "private": "eyJlMmJmYjczMC1lY2FhLTExZTYtOGY4OC0zNDM2M2JjN2M0YzAiOnsiY3JlYXRlIjoxMjAwMDAwMDAwMDAwLCJkZWxldGUiOjEyMDAwMDAwMDAwMDAsInVwZGF0ZSI6MTIwMDAwMDAwMDAwMH0sInNjaGVtYV92ZXJzaW9uIjoiMSJ9",
          "dependencies": [
            "aws_ecs_cluster.cluster",
            "aws_ecs_task_definition.apache_tarea",
            "aws_security_group.security_ecs",
            "aws_subnet.subred-publica",
            "aws_vpc.Desarrollo-web-VPC",
            "data.aws_caller_identity.current",
            "data.aws_iam_role.labrole"
          ]
        }
      ]
    },
    {
      "mode": "managed",
      "type": "aws_ecs_service",
      "name": "json_server_service_3000",
      "provider": "provider[\"registry.terraform.io/hashicorp/aws\"]",
      "instances": [
        {
          "schema_version": 1,
          "attributes": {
            "alarms": [],
            "availability_zone_rebalancing": "DISABLED",
            "capacity_provider_strategy": [],
            "cluster": "arn:aws:ecs:us-east-1:250502052604:cluster/ejemplo-cluster",
            "deployment_circuit_breaker": [
              {
                "enable": false,
                "rollback": false
              }
            ],
            "deployment_controller": [
              {
                "type": "ECS"
              }
            ],
            "deployment_maximum_percent": 200,
            "deployment_minimum_healthy_percent": 100,
            "desired_count": 1,
            "enable_ecs_managed_tags": false,
            "enable_execute_command": false,
            "force_delete": null,
            "force_new_deployment": null,
            "health_check_grace_period_seconds": 0,
            "iam_role": "/aws-service-role/ecs.amazonaws.com/AWSServiceRoleForECS",
            "id": "arn:aws:ecs:us-east-1:250502052604:service/ejemplo-cluster/json-server-service_3000",
            "launch_type": "FARGATE",
            "load_balancer": [],
            "name": "json-server-service_3000",
            "network_configuration": [
              {
                "assign_public_ip": false,
                "security_groups": [
                  "sg-0b44a2535a41087d0"
                ],
                "subnets": [
                  "subnet-03d1033e52a86f64e"
                ]
              }
            ],
            "ordered_placement_strategy": [],
            "placement_constraints": [],
            "platform_version": "LATEST",
            "propagate_tags": "NONE",
            "scheduling_strategy": "REPLICA",
            "service_connect_configuration": [],
            "service_registries": [],
            "tags": null,
            "tags_all": {},
            "task_definition": "arn:aws:ecs:us-east-1:250502052604:task-definition/apache-tarea:24",
            "timeouts": null,
            "triggers": {},
            "volume_configuration": [],
            "vpc_lattice_configurations": [],
            "wait_for_steady_state": false
          },
          "sensitive_attributes": [],
          "private": "eyJlMmJmYjczMC1lY2FhLTExZTYtOGY4OC0zNDM2M2JjN2M0YzAiOnsiY3JlYXRlIjoxMjAwMDAwMDAwMDAwLCJkZWxldGUiOjEyMDAwMDAwMDAwMDAsInVwZGF0ZSI6MTIwMDAwMDAwMDAwMH0sInNjaGVtYV92ZXJzaW9uIjoiMSJ9",
          "dependencies": [
            "aws_ecs_cluster.cluster",
            "aws_ecs_task_definition.apache_tarea",
            "aws_security_group.security_ecs",
            "aws_subnet.subred-publica",
            "aws_vpc.Desarrollo-web-VPC",
            "data.aws_caller_identity.current",
            "data.aws_iam_role.labrole"
          ]
        }
      ]
    },
    {
      "mode": "managed",
      "type": "aws_ecs_service",
      "name": "json_server_service_3001",
      "provider": "provider[\"registry.terraform.io/hashicorp/aws\"]",
      "instances": [
        {
          "schema_version": 1,
          "attributes": {
            "alarms": [],
            "availability_zone_rebalancing": "DISABLED",
            "capacity_provider_strategy": [],
            "cluster": "arn:aws:ecs:us-east-1:250502052604:cluster/ejemplo-cluster",
            "deployment_circuit_breaker": [
              {
                "enable": false,
                "rollback": false
              }
            ],
            "deployment_controller": [
              {
                "type": "ECS"
              }
            ],
            "deployment_maximum_percent": 200,
            "deployment_minimum_healthy_percent": 100,
            "desired_count": 1,
            "enable_ecs_managed_tags": false,
            "enable_execute_command": false,
            "force_delete": null,
            "force_new_deployment": null,
            "health_check_grace_period_seconds": 0,
            "iam_role": "/aws-service-role/ecs.amazonaws.com/AWSServiceRoleForECS",
            "id": "arn:aws:ecs:us-east-1:250502052604:service/ejemplo-cluster/json-server-service-3001",
            "launch_type": "FARGATE",
            "load_balancer": [],
            "name": "json-server-service-3001",
            "network_configuration": [
              {
                "assign_public_ip": false,
                "security_groups": [
                  "sg-0b44a2535a41087d0"
                ],
                "subnets": [
                  "subnet-03d1033e52a86f64e"
                ]
              }
            ],
            "ordered_placement_strategy": [],
            "placement_constraints": [],
            "platform_version": "LATEST",
            "propagate_tags": "NONE",
            "scheduling_strategy": "REPLICA",
            "service_connect_configuration": [],
            "service_registries": [],
            "tags": null,
            "tags_all": {},
            "task_definition": "arn:aws:ecs:us-east-1:250502052604:task-definition/apache-tarea:24",
            "timeouts": null,
            "triggers": {},
            "volume_configuration": [],
            "vpc_lattice_configurations": [],
            "wait_for_steady_state": false
          },
          "sensitive_attributes": [],
          "private": "eyJlMmJmYjczMC1lY2FhLTExZTYtOGY4OC0zNDM2M2JjN2M0YzAiOnsiY3JlYXRlIjoxMjAwMDAwMDAwMDAwLCJkZWxldGUiOjEyMDAwMDAwMDAwMDAsInVwZGF0ZSI6MTIwMDAwMDAwMDAwMH0sInNjaGVtYV92ZXJzaW9uIjoiMSJ9",
          "dependencies": [
            "aws_ecs_cluster.cluster",
            "aws_ecs_task_definition.apache_tarea",
            "aws_security_group.security_ecs",
            "aws_subnet.subred-publica",
            "aws_vpc.Desarrollo-web-VPC",
            "data.aws_caller_identity.current",
            "data.aws_iam_role.labrole"
          ]
        }
      ]
    },
    {
      "mode": "managed",
      "type": "aws_ecs_service",
      "name": "json_server_service_3002",
      "provider": "provider[\"registry.terraform.io/hashicorp/aws\"]",
      "instances": [
        {
          "schema_version": 1,
          "attributes": {
            "alarms": [],
            "availability_zone_rebalancing": "DISABLED",
            "capacity_provider_strategy": [],
            "cluster": "arn:aws:ecs:us-east-1:250502052604:cluster/ejemplo-cluster",
            "deployment_circuit_breaker": [
              {
                "enable": false,
                "rollback": false
              }
            ],
            "deployment_controller": [
              {
                "type": "ECS"
              }
            ],
            "deployment_maximum_percent": 200,
            "deployment_minimum_healthy_percent": 100,
            "desired_count": 1,
            "enable_ecs_managed_tags": false,
            "enable_execute_command": false,
            "force_delete": null,
            "force_new_deployment": null,
            "health_check_grace_period_seconds": 0,
            "iam_role": "/aws-service-role/ecs.amazonaws.com/AWSServiceRoleForECS",
            "id": "arn:aws:ecs:us-east-1:250502052604:service/ejemplo-cluster/json-server-service-3002",
            "launch_type": "FARGATE",
            "load_balancer": [],
            "name": "json-server-service-3002",
            "network_configuration": [
              {
                "assign_public_ip": false,
                "security_groups": [
                  "sg-0b44a2535a41087d0"
                ],
                "subnets": [
                  "subnet-03d1033e52a86f64e"
                ]
              }
            ],
            "ordered_placement_strategy": [],
            "placement_constraints": [],
            "platform_version": "LATEST",
            "propagate_tags": "NONE",
            "scheduling_strategy": "REPLICA",
            "service_connect_configuration": [],
            "service_registries": [],
            "tags": null,
            "tags_all": {},
            "task_definition": "arn:aws:ecs:us-east-1:250502052604:task-definition/apache-tarea:24",
            "timeouts": null,
            "triggers": {},
            "volume_configuration": [],
            "vpc_lattice_configurations": [],
            "wait_for_steady_state": false
          },
          "sensitive_attributes": [],
          "private": "eyJlMmJmYjczMC1lY2FhLTExZTYtOGY4OC0zNDM2M2JjN2M0YzAiOnsiY3JlYXRlIjoxMjAwMDAwMDAwMDAwLCJkZWxldGUiOjEyMDAwMDAwMDAwMDAsInVwZGF0ZSI6MTIwMDAwMDAwMDAwMH0sInNjaGVtYV92ZXJzaW9uIjoiMSJ9",
          "dependencies": [
            "aws_ecs_cluster.cluster",
            "aws_ecs_task_definition.apache_tarea",
            "aws_security_group.security_ecs",
            "aws_subnet.subred-publica",
            "aws_vpc.Desarrollo-web-VPC",
            "data.aws_caller_identity.current",
            "data.aws_iam_role.labrole"
          ]
        }
      ]
    },
    {
      "mode": "managed",
      "type": "aws_ecs_task_definition",
      "name": "apache_tarea",
      "provider": "provider[\"registry.terraform.io/hashicorp/aws\"]",
      "instances": [
        {
          "schema_version": 1,
          "attributes": {
            "arn": "arn:aws:ecs:us-east-1:250502052604:task-definition/apache-tarea:24",
            "arn_without_revision": "arn:aws:ecs:us-east-1:250502052604:task-definition/apache-tarea",
            "container_definitions": "[{\"cpu\":512,\"environment\":[{\"name\":\"VARNAME\",\"value\":\"VARVAL\"}],\"essential\":true,\"image\":\"250502052604.dkr.ecr.us-east-1.amazonaws.com/repositorio-apache:img-apachenodenpm\",\"memory\":1024,\"mountPoints\":[],\"name\":\"apache-container\",\"portMappings\":[{\"containerPort\":80,\"hostPort\":80,\"protocol\":\"tcp\"}],\"systemControls\":[],\"volumesFrom\":[]},{\"cpu\":512,\"environment\":[{\"name\":\"VARNAME\",\"value\":\"VARVAL\"}],\"essential\":true,\"image\":\"250502052604.dkr.ecr.us-east-1.amazonaws.com/repositorio-apache:img-jsonserver\",\"memory\":1024,\"mountPoints\":[],\"name\":\"json-api-container\",\"portMappings\":[{\"containerPort\":3000,\"hostPort\":3000,\"protocol\":\"tcp\"},{\"containerPort\":3001,\"hostPort\":3001,\"protocol\":\"tcp\"},{\"containerPort\":3002,\"hostPort\":3002,\"protocol\":\"tcp\"}],\"systemControls\":[],\"volumesFrom\":[]}]",
            "cpu": "1024",
            "ephemeral_storage": [],
            "execution_role_arn": "arn:aws:iam::250502052604:role/LabRole",
            "family": "apache-tarea",
            "id": "apache-tarea",
            "inference_accelerator": [],
            "ipc_mode": "",
            "memory": "2048",
            "network_mode": "awsvpc",
            "pid_mode": "",
            "placement_constraints": [],
            "proxy_configuration": [],
            "requires_compatibilities": [
              "FARGATE"
            ],
            "revision": 24,
            "runtime_platform": [],
            "skip_destroy": false,
            "tags": null,
            "tags_all": {},
            "task_role_arn": "arn:aws:iam::250502052604:role/LabRole",
            "track_latest": false,
            "volume": []
          },
          "sensitive_attributes": [],
          "private": "eyJzY2hlbWFfdmVyc2lvbiI6IjEifQ==",
          "dependencies": [
            "data.aws_caller_identity.current",
            "data.aws_iam_role.labrole"
          ]
        }
      ]
    },
    {
      "mode": "managed",
      "type": "aws_internet_gateway",
      "name": "igw",
      "provider": "provider[\"registry.terraform.io/hashicorp/aws\"]",
      "instances": [
        {
          "schema_version": 0,
          "attributes": {
            "arn": "arn:aws:ec2:us-east-1:250502052604:internet-gateway/igw-0df6f0fb92f7b62ad",
            "id": "igw-0df6f0fb92f7b62ad",
            "owner_id": "250502052604",
            "tags": {
              "Name": "internet_gateway"
            },
            "tags_all": {
              "Name": "internet_gateway"
            },
            "timeouts": null,
            "vpc_id": "vpc-0c652f4d1b8067235"
          },
          "sensitive_attributes": [],
          "private": "eyJlMmJmYjczMC1lY2FhLTExZTYtOGY4OC0zNDM2M2JjN2M0YzAiOnsiY3JlYXRlIjoxMjAwMDAwMDAwMDAwLCJkZWxldGUiOjEyMDAwMDAwMDAwMDAsInVwZGF0ZSI6MTIwMDAwMDAwMDAwMH19",
          "dependencies": [
            "aws_vpc.Desarrollo-web-VPC"
          ]
        }
      ]
    },
    {
      "mode": "managed",
      "type": "aws_route_table",
      "name": "public-rt",
      "provider": "provider[\"registry.terraform.io/hashicorp/aws\"]",
      "instances": [
        {
          "schema_version": 0,
          "attributes": {
            "arn": "arn:aws:ec2:us-east-1:250502052604:route-table/rtb-03c3ccab65c3ae113",
            "id": "rtb-03c3ccab65c3ae113",
            "owner_id": "250502052604",
            "propagating_vgws": [],
            "route": [
              {
                "carrier_gateway_id": "",
                "cidr_block": "0.0.0.0/0",
                "core_network_arn": "",
                "destination_prefix_list_id": "",
                "egress_only_gateway_id": "",
                "gateway_id": "igw-0df6f0fb92f7b62ad",
                "ipv6_cidr_block": "",
                "local_gateway_id": "",
                "nat_gateway_id": "",
                "network_interface_id": "",
                "transit_gateway_id": "",
                "vpc_endpoint_id": "",
                "vpc_peering_connection_id": ""
              }
            ],
            "tags": {
              "Name": "Tabla Enrutamiento para Internet gateway"
            },
            "tags_all": {
              "Name": "Tabla Enrutamiento para Internet gateway"
            },
            "timeouts": null,
            "vpc_id": "vpc-0c652f4d1b8067235"
          },
          "sensitive_attributes": [],
          "private": "eyJlMmJmYjczMC1lY2FhLTExZTYtOGY4OC0zNDM2M2JjN2M0YzAiOnsiY3JlYXRlIjozMDAwMDAwMDAwMDAsImRlbGV0ZSI6MzAwMDAwMDAwMDAwLCJ1cGRhdGUiOjEyMDAwMDAwMDAwMH19",
          "dependencies": [
            "aws_internet_gateway.igw",
            "aws_vpc.Desarrollo-web-VPC"
          ]
        }
      ]
    },
    {
      "mode": "managed",
      "type": "aws_route_table_association",
      "name": "rt-asociacion-publica",
      "provider": "provider[\"registry.terraform.io/hashicorp/aws\"]",
      "instances": [
        {
          "schema_version": 0,
          "attributes": {
            "gateway_id": "",
            "id": "rtbassoc-0e1a56bf9e03addb9",
            "route_table_id": "rtb-03c3ccab65c3ae113",
            "subnet_id": "subnet-03d1033e52a86f64e",
            "timeouts": null
          },
          "sensitive_attributes": [],
          "private": "eyJlMmJmYjczMC1lY2FhLTExZTYtOGY4OC0zNDM2M2JjN2M0YzAiOnsiY3JlYXRlIjozMDAwMDAwMDAwMDAsImRlbGV0ZSI6MzAwMDAwMDAwMDAwLCJ1cGRhdGUiOjEyMDAwMDAwMDAwMH19",
          "dependencies": [
            "aws_internet_gateway.igw",
            "aws_route_table.public-rt",
            "aws_subnet.subred-publica",
            "aws_vpc.Desarrollo-web-VPC"
          ]
        }
      ]
    },
    {
      "mode": "managed",
      "type": "aws_s3_bucket",
      "name": "s3",
      "provider": "provider[\"registry.terraform.io/hashicorp/aws\"]",
      "instances": [
        {
          "schema_version": 0,
          "attributes": {
            "acceleration_status": "",
            "acl": null,
            "arn": "arn:aws:s3:::cubo-s3-begona",
            "bucket": "cubo-s3-begona",
            "bucket_domain_name": "cubo-s3-begona.s3.amazonaws.com",
            "bucket_prefix": "",
            "bucket_regional_domain_name": "cubo-s3-begona.s3.us-east-1.amazonaws.com",
            "cors_rule": [],
            "force_destroy": false,
            "grant": [
              {
                "id": "00d7f491eb6aafdd8afe8f5eed2e16f00f0ab6688b1596d10703e797a1e2f482",
                "permissions": [
                  "FULL_CONTROL"
                ],
                "type": "CanonicalUser",
                "uri": ""
              }
            ],
            "hosted_zone_id": "Z3AQBSTGFYJSTF",
            "id": "cubo-s3-begona",
            "lifecycle_rule": [],
            "logging": [],
            "object_lock_configuration": [],
            "object_lock_enabled": false,
            "policy": "",
            "region": "us-east-1",
            "replication_configuration": [],
            "request_payer": "BucketOwner",
            "server_side_encryption_configuration": [
              {
                "rule": [
                  {
                    "apply_server_side_encryption_by_default": [
                      {
                        "kms_master_key_id": "",
                        "sse_algorithm": "AES256"
                      }
                    ],
                    "bucket_key_enabled": false
                  }
                ]
              }
            ],
            "tags": {
              "Enviroment": "Dev",
              "name": "bucket"
            },
            "tags_all": {
              "Enviroment": "Dev",
              "name": "bucket"
            },
            "timeouts": null,
            "versioning": [
              {
                "enabled": false,
                "mfa_delete": false
              }
            ],
            "website": [],
            "website_domain": null,
            "website_endpoint": null
          },
          "sensitive_attributes": [],
          "private": "eyJlMmJmYjczMC1lY2FhLTExZTYtOGY4OC0zNDM2M2JjN2M0YzAiOnsiY3JlYXRlIjoxMjAwMDAwMDAwMDAwLCJkZWxldGUiOjM2MDAwMDAwMDAwMDAsInJlYWQiOjEyMDAwMDAwMDAwMDAsInVwZGF0ZSI6MTIwMDAwMDAwMDAwMH19"
        }
      ]
    },
    {
      "mode": "managed",
      "type": "aws_security_group",
      "name": "security_ecs",
      "provider": "provider[\"registry.terraform.io/hashicorp/aws\"]",
      "instances": [
        {
          "schema_version": 1,
          "attributes": {
            "arn": "arn:aws:ec2:us-east-1:250502052604:security-group/sg-0b44a2535a41087d0",
            "description": "Security group para las ecs contenedores",
            "egress": [
              {
                "cidr_blocks": [
                  "0.0.0.0/0"
                ],
                "description": "",
                "from_port": 0,
                "ipv6_cidr_blocks": [],
                "prefix_list_ids": [],
                "protocol": "-1",
                "security_groups": [],
                "self": false,
                "to_port": 0
              }
            ],
            "id": "sg-0b44a2535a41087d0",
            "ingress": [
              {
                "cidr_blocks": [],
                "description": "",
                "from_port": 443,
                "ipv6_cidr_blocks": [],
                "prefix_list_ids": [],
                "protocol": "tcp",
                "security_groups": [],
                "self": false,
                "to_port": 443
              },
              {
                "cidr_blocks": [],
                "description": "",
                "from_port": 80,
                "ipv6_cidr_blocks": [],
                "prefix_list_ids": [],
                "protocol": "tcp",
                "security_groups": [],
                "self": false,
                "to_port": 80
              }
            ],
            "name": "seguridad",
            "name_prefix": "",
            "owner_id": "250502052604",
            "revoke_rules_on_delete": false,
            "tags": null,
            "tags_all": {},
            "timeouts": null,
            "vpc_id": "vpc-0c652f4d1b8067235"
          },
          "sensitive_attributes": [],
          "private": "eyJlMmJmYjczMC1lY2FhLTExZTYtOGY4OC0zNDM2M2JjN2M0YzAiOnsiY3JlYXRlIjo2MDAwMDAwMDAwMDAsImRlbGV0ZSI6OTAwMDAwMDAwMDAwfSwic2NoZW1hX3ZlcnNpb24iOiIxIn0=",
          "dependencies": [
            "aws_vpc.Desarrollo-web-VPC"
          ]
        }
      ]
    },
    {
      "mode": "managed",
      "type": "aws_subnet",
      "name": "subred-publica",
      "provider": "provider[\"registry.terraform.io/hashicorp/aws\"]",
      "instances": [
        {
          "schema_version": 1,
          "attributes": {
            "arn": "arn:aws:ec2:us-east-1:250502052604:subnet/subnet-03d1033e52a86f64e",
            "assign_ipv6_address_on_creation": false,
            "availability_zone": "us-east-1a",
            "availability_zone_id": "use1-az6",
            "cidr_block": "10.0.101.0/24",
            "customer_owned_ipv4_pool": "",
            "enable_dns64": false,
            "enable_lni_at_device_index": 0,
            "enable_resource_name_dns_a_record_on_launch": false,
            "enable_resource_name_dns_aaaa_record_on_launch": false,
            "id": "subnet-03d1033e52a86f64e",
            "ipv6_cidr_block": "",
            "ipv6_cidr_block_association_id": "",
            "ipv6_native": false,
            "map_customer_owned_ip_on_launch": false,
            "map_public_ip_on_launch": true,
            "outpost_arn": "",
            "owner_id": "250502052604",
            "private_dns_hostname_type_on_launch": "ip-name",
            "tags": {
              "Name": "subred-publica"
            },
            "tags_all": {
              "Name": "subred-publica"
            },
            "timeouts": null,
            "vpc_id": "vpc-0c652f4d1b8067235"
          },
          "sensitive_attributes": [],
          "private": "eyJlMmJmYjczMC1lY2FhLTExZTYtOGY4OC0zNDM2M2JjN2M0YzAiOnsiY3JlYXRlIjo2MDAwMDAwMDAwMDAsImRlbGV0ZSI6MTIwMDAwMDAwMDAwMH0sInNjaGVtYV92ZXJzaW9uIjoiMSJ9",
          "dependencies": [
            "aws_vpc.Desarrollo-web-VPC"
          ]
        }
      ]
    },
    {
      "mode": "managed",
      "type": "aws_vpc",
      "name": "Desarrollo-web-VPC",
      "provider": "provider[\"registry.terraform.io/hashicorp/aws\"]",
      "instances": [
        {
          "schema_version": 1,
          "attributes": {
            "arn": "arn:aws:ec2:us-east-1:250502052604:vpc/vpc-0c652f4d1b8067235",
            "assign_generated_ipv6_cidr_block": false,
            "cidr_block": "10.0.0.0/16",
            "default_network_acl_id": "acl-02b0095a29e5211fd",
            "default_route_table_id": "rtb-03d1f8ed739bc0992",
            "default_security_group_id": "sg-08fc4bba1ea11c1b0",
            "dhcp_options_id": "dopt-0d5c4275442d0c4ac",
            "enable_dns_hostnames": false,
            "enable_dns_support": true,
            "enable_network_address_usage_metrics": false,
            "id": "vpc-0c652f4d1b8067235",
            "instance_tenancy": "default",
            "ipv4_ipam_pool_id": null,
            "ipv4_netmask_length": null,
            "ipv6_association_id": "",
            "ipv6_cidr_block": "",
            "ipv6_cidr_block_network_border_group": "",
            "ipv6_ipam_pool_id": "",
            "ipv6_netmask_length": 0,
            "main_route_table_id": "rtb-03d1f8ed739bc0992",
            "owner_id": "250502052604",
            "tags": {
              "Name": "VPC"
            },
            "tags_all": {
              "Name": "VPC"
            }
          },
          "sensitive_attributes": [],
          "private": "eyJzY2hlbWFfdmVyc2lvbiI6IjEifQ=="
        }
      ]
    },
    {
      "mode": "managed",
      "type": "null_resource",
      "name": "build_and_push_images",
      "provider": "provider[\"registry.terraform.io/hashicorp/null\"]",
      "instances": [
        {
          "schema_version": 0,
          "attributes": {
            "id": "9095837100812576013",
            "triggers": null
          },
          "sensitive_attributes": [],
          "dependencies": [
            "aws_ecr_repository.repositorio_ecr"
          ]
        }
      ]
    }
  ],
  "check_results": null
}
